
Microsoft Visual Studio Solution File, Format Version 12.00
# Visual Studio Version 17
VisualStudioVersion = 17.1.32210.238
MinimumVisualStudioVersion = 10.0.40219.1
Project("{FAE04EC0-301F-11D3-BF4B-00C04F79EFBC}") = "Internship task", "Internship task\Internship task.csproj", "{78327117-93E6-4E28-ABD5-FFF1795E36FF}"
EndProject
Global
	GlobalSection(SolutionConfigurationPlatforms) = preSolution
		Debug|Any CPU = Debug|Any CPU
		Release|Any CPU = Release|Any CPU
	EndGlobalSection
	GlobalSection(ProjectConfigurationPlatforms) = postSolution
		{78327117-93E6-4E28-ABD5-FFF1795E36FF}.Debug|Any CPU.ActiveCfg = Debug|Any CPU
		{78327117-93E6-4E28-ABD5-FFF1795E36FF}.Debug|Any CPU.Build.0 = Debug|Any CPU
		{78327117-93E6-4E28-ABD5-FFF1795E36FF}.Release|Any CPU.ActiveCfg = Release|Any CPU
		{78327117-93E6-4E28-ABD5-FFF1795E36FF}.Release|Any CPU.Build.0 = Release|Any CPU
	EndGlobalSection
	GlobalSection(SolutionProperties) = preSolution
		HideSolutionNode = FALSE
	EndGlobalSection
	GlobalSection(ExtensibilityGlobals) = postSolution
		SolutionGuid = {A93E333B-C058-41EC-8EF9-C3BA06F7BA1C}
	EndGlobalSection
EndGlobal
